
Microsoft Visual Studio Solution File, Format Version 12.00
# Visual Studio Version 16
VisualStudioVersion = 16.0.33328.57
MinimumVisualStudioVersion = 10.0.40219.1
Project("{FAE04EC0-301F-11D3-BF4B-00C04F79EFBC}") = "PasswordCase", "PasswordCase\PasswordCase.csproj", "{161E8705-E0E4-416E-A0A1-3D37A1B72D10}"
EndProject
Project("{FAE04EC0-301F-11D3-BF4B-00C04F79EFBC}") = "PasswordCase.Module", "PasswordCase.Module\PasswordCase.Module.csproj", "{2AA5A8F2-2C96-4B84-8C88-5D1735DC5AC8}"
EndProject
Global
	GlobalSection(SolutionConfigurationPlatforms) = preSolution
		Debug|Any CPU = Debug|Any CPU
		Release|Any CPU = Release|Any CPU
	EndGlobalSection
	GlobalSection(ProjectConfigurationPlatforms) = postSolution
		{161E8705-E0E4-416E-A0A1-3D37A1B72D10}.Debug|Any CPU.ActiveCfg = Debug|Any CPU
		{161E8705-E0E4-416E-A0A1-3D37A1B72D10}.Debug|Any CPU.Build.0 = Debug|Any CPU
		{161E8705-E0E4-416E-A0A1-3D37A1B72D10}.Release|Any CPU.ActiveCfg = Release|Any CPU
		{161E8705-E0E4-416E-A0A1-3D37A1B72D10}.Release|Any CPU.Build.0 = Release|Any CPU
		{2AA5A8F2-2C96-4B84-8C88-5D1735DC5AC8}.Debug|Any CPU.ActiveCfg = Debug|Any CPU
		{2AA5A8F2-2C96-4B84-8C88-5D1735DC5AC8}.Debug|Any CPU.Build.0 = Debug|Any CPU
		{2AA5A8F2-2C96-4B84-8C88-5D1735DC5AC8}.Release|Any CPU.ActiveCfg = Release|Any CPU
		{2AA5A8F2-2C96-4B84-8C88-5D1735DC5AC8}.Release|Any CPU.Build.0 = Release|Any CPU
	EndGlobalSection
	GlobalSection(SolutionProperties) = preSolution
		HideSolutionNode = FALSE
	EndGlobalSection
	GlobalSection(ExtensibilityGlobals) = postSolution
		SolutionGuid = {0BCB6B08-D2E7-4B35-B972-5D79B5636364}
	EndGlobalSection
EndGlobal
